Microsoft Visual Studio Solution File, Format Version 12.00
# Visual Studio Version 17
VisualStudioVersion = 17.5.2.0
MinimumVisualStudioVersion = 10.0.40219.1
Project("{2150E333-8FDC-42A3-9474-1A3956D46DE8}") = "backend", "backend", "{494DAE0B-F7A4-4B91-9C6D-334C02398398}"
EndProject
Project("{FAE04EC0-301F-11D3-BF4B-00C04F79EFBC}") = "weather-api", "backend\weather-api\weather-api.csproj", "{4B984840-059D-424E-B46A-8D62152CB2F3}"
EndProject
Project("{2150E333-8FDC-42A3-9474-1A3956D46DE8}") = "api-tests", "api-tests", "{5CF34AB4-C8B7-4A6B-B915-9EE42FD02A42}"
EndProject
Project("{FAE04EC0-301F-11D3-BF4B-00C04F79EFBC}") = "ApiTests", "backend\api-tests\ApiTests\ApiTests.csproj", "{45319FAB-C397-4C58-A9FE-5B573276F47F}"
EndProject
Global
	GlobalSection(SolutionConfigurationPlatforms) = preSolution
		Debug|Any CPU = Debug|Any CPU
		Release|Any CPU = Release|Any CPU
	EndGlobalSection
	GlobalSection(ProjectConfigurationPlatforms) = postSolution
		{4B984840-059D-424E-B46A-8D62152CB2F3}.Debug|Any CPU.ActiveCfg = Debug|Any CPU
		{4B984840-059D-424E-B46A-8D62152CB2F3}.Debug|Any CPU.Build.0 = Debug|Any CPU
		{4B984840-059D-424E-B46A-8D62152CB2F3}.Release|Any CPU.ActiveCfg = Release|Any CPU
		{4B984840-059D-424E-B46A-8D62152CB2F3}.Release|Any CPU.Build.0 = Release|Any CPU
		{45319FAB-C397-4C58-A9FE-5B573276F47F}.Debug|Any CPU.ActiveCfg = Debug|Any CPU
		{45319FAB-C397-4C58-A9FE-5B573276F47F}.Debug|Any CPU.Build.0 = Debug|Any CPU
		{45319FAB-C397-4C58-A9FE-5B573276F47F}.Release|Any CPU.ActiveCfg = Release|Any CPU
		{45319FAB-C397-4C58-A9FE-5B573276F47F}.Release|Any CPU.Build.0 = Release|Any CPU
	EndGlobalSection
	GlobalSection(SolutionProperties) = preSolution
		HideSolutionNode = FALSE
	EndGlobalSection
	GlobalSection(NestedProjects) = preSolution
		{4B984840-059D-424E-B46A-8D62152CB2F3} = {494DAE0B-F7A4-4B91-9C6D-334C02398398}
		{5CF34AB4-C8B7-4A6B-B915-9EE42FD02A42} = {494DAE0B-F7A4-4B91-9C6D-334C02398398}
		{45319FAB-C397-4C58-A9FE-5B573276F47F} = {5CF34AB4-C8B7-4A6B-B915-9EE42FD02A42}
	EndGlobalSection
	GlobalSection(ExtensibilityGlobals) = postSolution
		SolutionGuid = {4E737FD2-1200-482B-9732-62D2BA7F6DFF}
	EndGlobalSection
EndGlobal
