Microsoft Visual Studio Solution File, Format Version 12.00
# Visual Studio Version 17
VisualStudioVersion = 17.5.2.0
MinimumVisualStudioVersion = 10.0.40219.1
Project("{2150E333-8FDC-42A3-9474-1A3956D46DE8}") = "travel-hospital-advisor", "travel-hospital-advisor", "{E4470B3A-CCAE-765A-7A1C-E118340E6993}"
EndProject
Project("{2150E333-8FDC-42A3-9474-1A3956D46DE8}") = "backend", "backend", "{ACCF7AFE-DFDB-6A63-2B2B-F4B77603C571}"
EndProject
Project("{2150E333-8FDC-42A3-9474-1A3956D46DE8}") = "api-tests", "api-tests", "{680A199E-B754-E201-E446-BB8F80ED4423}"
EndProject
Project("{FAE04EC0-301F-11D3-BF4B-00C04F79EFBC}") = "ApiTests", "travel-hospital-advisor\backend\api-tests\ApiTests\ApiTests.csproj", "{FA4DE4CA-C1C7-4F1C-C2E0-515D1CC7B213}"
EndProject
Project("{2150E333-8FDC-42A3-9474-1A3956D46DE8}") = "backend", "backend", "{494DAE0B-F7A4-4B91-9C6D-334C02398398}"
EndProject
Project("{FAE04EC0-301F-11D3-BF4B-00C04F79EFBC}") = "weather-api", "backend\weather-api\weather-api.csproj", "{4B984840-059D-424E-B46A-8D62152CB2F3}"
EndProject
Global
	GlobalSection(SolutionConfigurationPlatforms) = preSolution
		Debug|Any CPU = Debug|Any CPU
		Release|Any CPU = Release|Any CPU
	EndGlobalSection
	GlobalSection(ProjectConfigurationPlatforms) = postSolution
		{FA4DE4CA-C1C7-4F1C-C2E0-515D1CC7B213}.Debug|Any CPU.ActiveCfg = Debug|Any CPU
		{FA4DE4CA-C1C7-4F1C-C2E0-515D1CC7B213}.Debug|Any CPU.Build.0 = Debug|Any CPU
		{FA4DE4CA-C1C7-4F1C-C2E0-515D1CC7B213}.Release|Any CPU.ActiveCfg = Release|Any CPU
		{FA4DE4CA-C1C7-4F1C-C2E0-515D1CC7B213}.Release|Any CPU.Build.0 = Release|Any CPU
		{4B984840-059D-424E-B46A-8D62152CB2F3}.Debug|Any CPU.ActiveCfg = Debug|Any CPU
		{4B984840-059D-424E-B46A-8D62152CB2F3}.Debug|Any CPU.Build.0 = Debug|Any CPU
		{4B984840-059D-424E-B46A-8D62152CB2F3}.Release|Any CPU.ActiveCfg = Release|Any CPU
		{4B984840-059D-424E-B46A-8D62152CB2F3}.Release|Any CPU.Build.0 = Release|Any CPU
	EndGlobalSection
	GlobalSection(SolutionProperties) = preSolution
		HideSolutionNode = FALSE
	EndGlobalSection
	GlobalSection(NestedProjects) = preSolution
		{ACCF7AFE-DFDB-6A63-2B2B-F4B77603C571} = {E4470B3A-CCAE-765A-7A1C-E118340E6993}
		{680A199E-B754-E201-E446-BB8F80ED4423} = {ACCF7AFE-DFDB-6A63-2B2B-F4B77603C571}
		{FA4DE4CA-C1C7-4F1C-C2E0-515D1CC7B213} = {680A199E-B754-E201-E446-BB8F80ED4423}
		{4B984840-059D-424E-B46A-8D62152CB2F3} = {494DAE0B-F7A4-4B91-9C6D-334C02398398}
	EndGlobalSection
	GlobalSection(ExtensibilityGlobals) = postSolution
		SolutionGuid = {4E737FD2-1200-482B-9732-62D2BA7F6DFF}
	EndGlobalSection
EndGlobal
